// !$*UTF8*$!
{
	archiveVersion = 1;
	classes = {
	};
	objectVersion = 77;
	objects = {

/* Begin PBXContainerItemProxy section */
		FDE033292F3D7238006B5FF1 /* PBXContainerItemProxy */ = {
			isa = PBXContainerItemProxy;
			containerPortal = FDE033112F3D7236006B5FF1 /* Project object */;
			proxyType = 1;
			remoteGlobalIDString = FDE033182F3D7236006B5FF1;
			remoteInfo = "Tenrec Terminal";
		};
		FDE033332F3D7238006B5FF1 /* PBXContainerItemProxy */ = {
			isa = PBXContainerItemProxy;
			containerPortal = FDE033112F3D7236006B5FF1 /* Project object */;
			proxyType = 1;
			remoteGlobalIDString = FDE033182F3D7236006B5FF1;
			remoteInfo = "Tenrec Terminal";
		};
/* End PBXContainerItemProxy section */

/* Begin PBXFileReference section */
		FDE033192F3D7236006B5FF1 /* Tenrec Terminal.app */ = {isa = PBXFileReference; explicitFileType = wrapper.application; includeInIndex = 0; path = "Tenrec Terminal.app"; sourceTree = BUILT_PRODUCTS_DIR; };
		FDE033282F3D7238006B5FF1 /* Tenrec TerminalTests.xctest */ = {isa = PBXFileReference; explicitFileType = wrapper.cfbundle; includeInIndex = 0; path = "Tenrec TerminalTests.xctest"; sourceTree = BUILT_PRODUCTS_DIR; };
		FDE033322F3D7238006B5FF1 /* Tenrec TerminalUITests.xctest */ = {isa = PBXFileReference; explicitFileType = wrapper.cfbundle; includeInIndex = 0; path = "Tenrec TerminalUITests.xctest"; sourceTree = BUILT_PRODUCTS_DIR; };
/* End PBXFileReference section */

/* Begin PBXFileSystemSynchronizedRootGroup section */
		FDE0331B2F3D7236006B5FF1 /* Tenrec Terminal */ = {
			isa = PBXFileSystemSynchronizedRootGroup;
			path = "Tenrec Terminal";
			sourceTree = "<group>";
		};
		FDE0332B2F3D7238006B5FF1 /* Tenrec TerminalTests */ = {
			isa = PBXFileSystemSynchronizedRootGroup;
			path = "Tenrec TerminalTests";
			sourceTree = "<group>";
		};
		FDE033352F3D7238006B5FF1 /* Tenrec TerminalUITests */ = {
			isa = PBXFileSystemSynchronizedRootGroup;
			path = "Tenrec TerminalUITests";
			sourceTree = "<group>";
		};
/* End PBXFileSystemSynchronizedRootGroup section */

/* Begin PBXFrameworksBuildPhase section */
		FDE033162F3D7236006B5FF1 /* Frameworks */ = {
			isa = PBXFrameworksBuildPhase;
			buildActionMask = 2147483647;
			files = (
			);
			runOnlyForDeploymentPostprocessing = 0;
		};
		FDE033252F3D7238006B5FF1 /* Frameworks */ = {
			isa = PBXFrameworksBuildPhase;
			buildActionMask = 2147483647;
			files = (
			);
			runOnlyForDeploymentPostprocessing = 0;
		};
		FDE0332F2F3D7238006B5FF1 /* Frameworks */ = {
			isa = PBXFrameworksBuildPhase;
			buildActionMask = 2147483647;
			files = (
			);
			runOnlyForDeploymentPostprocessing = 0;
		};
/* End PBXFrameworksBuildPhase section */

/* Begin PBXGroup section */
		FDE033102F3D7236006B5FF1 = {
			isa = PBXGroup;
			children = (
				FDE0331B2F3D7236006B5FF1 /* Tenrec Terminal */,
				FDE0332B2F3D7238006B5FF1 /* Tenrec TerminalTests */,
				FDE033352F3D7238006B5FF1 /* Tenrec TerminalUITests */,
				FDE0331A2F3D7236006B5FF1 /* Products */,
			);
			sourceTree = "<group>";
		};
		FDE0331A2F3D7236006B5FF1 /* Products */ = {
			isa = PBXGroup;
			children = (
				FDE033192F3D7236006B5FF1 /* Tenrec Terminal.app */,
				FDE033282F3D7238006B5FF1 /* Tenrec TerminalTests.xctest */,
				FDE033322F3D7238006B5FF1 /* Tenrec TerminalUITests.xctest */,
			);
			name = Products;
			sourceTree = "<group>";
		};
/* End PBXGroup section */

/* Begin PBXNativeTarget section */
		FDE033182F3D7236006B5FF1 /* Tenrec Terminal */ = {
			isa = PBXNativeTarget;
			buildConfigurationList = FDE0333C2F3D7238006B5FF1 /* Build configuration list for PBXNativeTarget "Tenrec Terminal" */;
			buildPhases = (
				FDE033152F3D7236006B5FF1 /* Sources */,
				FDE033162F3D7236006B5FF1 /* Frameworks */,
				FDE033172F3D7236006B5FF1 /* Resources */,
			);
			buildRules = (
			);
			dependencies = (
			);
			fileSystemSynchronizedGroups = (
				FDE0331B2F3D7236006B5FF1 /* Tenrec Terminal */,
			);
			name = "Tenrec Terminal";
			packageProductDependencies = (
				5330C544B76CFDEAD50B129A /* SwiftTerm */,
			);
			productName = "Tenrec Terminal";
			productReference = FDE033192F3D7236006B5FF1 /* Tenrec Terminal.app */;
			productType = "com.apple.product-type.application";
		};
		FDE033272F3D7238006B5FF1 /* Tenrec TerminalTests */ = {
			isa = PBXNativeTarget;
			buildConfigurationList = FDE0333F2F3D7238006B5FF1 /* Build configuration list for PBXNativeTarget "Tenrec TerminalTests" */;
			buildPhases = (
				FDE033242F3D7238006B5FF1 /* Sources */,
				FDE033252F3D7238006B5FF1 /* Frameworks */,
				FDE033262F3D7238006B5FF1 /* Resources */,
			);
			buildRules = (
			);
			dependencies = (
				FDE0332A2F3D7238006B5FF1 /* PBXTargetDependency */,
			);
			fileSystemSynchronizedGroups = (
				FDE0332B2F3D7238006B5FF1 /* Tenrec TerminalTests */,
			);
			name = "Tenrec TerminalTests";
			packageProductDependencies = (
			);
			productName = "Tenrec TerminalTests";
			productReference = FDE033282F3D7238006B5FF1 /* Tenrec TerminalTests.xctest */;
			productType = "com.apple.product-type.bundle.unit-test";
		};
		FDE033312F3D7238006B5FF1 /* Tenrec TerminalUITests */ = {
			isa = PBXNativeTarget;
			buildConfigurationList = FDE033422F3D7238006B5FF1 /* Build configuration list for PBXNativeTarget "Tenrec TerminalUITests" */;
			buildPhases = (
				FDE0332E2F3D7238006B5FF1 /* Sources */,
				FDE0332F2F3D7238006B5FF1 /* Frameworks */,
				FDE033302F3D7238006B5FF1 /* Resources */,
			);
			buildRules = (
			);
			dependencies = (
				FDE033342F3D7238006B5FF1 /* PBXTargetDependency */,
			);
			fileSystemSynchronizedGroups = (
				FDE033352F3D7238006B5FF1 /* Tenrec TerminalUITests */,
			);
			name = "Tenrec TerminalUITests";
			packageProductDependencies = (
			);
			productName = "Tenrec TerminalUITests";
			productReference = FDE033322F3D7238006B5FF1 /* Tenrec TerminalUITests.xctest */;
			productType = "com.apple.product-type.bundle.ui-testing";
		};
/* End PBXNativeTarget section */

/* Begin PBXProject section */
		FDE033112F3D7236006B5FF1 /* Project object */ = {
			isa = PBXProject;
			attributes = {
				BuildIndependentTargetsInParallel = 1;
				LastSwiftUpdateCheck = 2620;
				LastUpgradeCheck = 2620;
				TargetAttributes = {
					FDE033182F3D7236006B5FF1 = {
						CreatedOnToolsVersion = 26.2;
					};
					FDE033272F3D7238006B5FF1 = {
						CreatedOnToolsVersion = 26.2;
						TestTargetID = FDE033182F3D7236006B5FF1;
					};
					FDE033312F3D7238006B5FF1 = {
						CreatedOnToolsVersion = 26.2;
						TestTargetID = FDE033182F3D7236006B5FF1;
					};
				};
			};
			buildConfigurationList = FDE033142F3D7236006B5FF1 /* Build configuration list for PBXProject "Tenrec Terminal" */;
			developmentRegion = en;
			hasScannedForEncodings = 0;
			knownRegions = (
				en,
				Base,
			);
			mainGroup = FDE033102F3D7236006B5FF1;
			minimizedProjectReferenceProxies = 1;
			packageReferences = (
				7AD001C2BE2CB3C643470D0F /* XCRemoteSwiftPackageReference "SwiftTerm" */,
			);
			preferredProjectObjectVersion = 77;
			productRefGroup = FDE0331A2F3D7236006B5FF1 /* Products */;
			projectDirPath = "";
			projectRoot = "";
			targets = (
				FDE033182F3D7236006B5FF1 /* Tenrec Terminal */,
				FDE033272F3D7238006B5FF1 /* Tenrec TerminalTests */,
				FDE033312F3D7238006B5FF1 /* Tenrec TerminalUITests */,
			);
		};
/* End PBXProject section */

/* Begin PBXResourcesBuildPhase section */
		FDE033172F3D7236006B5FF1 /* Resources */ = {
			isa = PBXResourcesBuildPhase;
			buildActionMask = 2147483647;
			files = (
			);
			runOnlyForDeploymentPostprocessing = 0;
		};
		FDE033262F3D7238006B5FF1 /* Resources */ = {
			isa = PBXResourcesBuildPhase;
			buildActionMask = 2147483647;
			files = (
			);
			runOnlyForDeploymentPostprocessing = 0;
		};
		FDE033302F3D7238006B5FF1 /* Resources */ = {
			isa = PBXResourcesBuildPhase;
			buildActionMask = 2147483647;
			files = (
			);
			runOnlyForDeploymentPostprocessing = 0;
		};
/* End PBXResourcesBuildPhase section */

/* Begin PBXSourcesBuildPhase section */
		FDE033152F3D7236006B5FF1 /* Sources */ = {
			isa = PBXSourcesBuildPhase;
			buildActionMask = 2147483647;
			files = (
			);
			runOnlyForDeploymentPostprocessing = 0;
		};
		FDE033242F3D7238006B5FF1 /* Sources */ = {
			isa = PBXSourcesBuildPhase;
			buildActionMask = 2147483647;
			files = (
			);
			runOnlyForDeploymentPostprocessing = 0;
		};
		FDE0332E2F3D7238006B5FF1 /* Sources */ = {
			isa = PBXSourcesBuildPhase;
			buildActionMask = 2147483647;
			files = (
			);
			runOnlyForDeploymentPostprocessing = 0;
		};
/* End PBXSourcesBuildPhase section */

/* Begin PBXTargetDependency section */
		FDE0332A2F3D7238006B5FF1 /* PBXTargetDependency */ = {
			isa = PBXTargetDependency;
			target = FDE033182F3D7236006B5FF1 /* Tenrec Terminal */;
			targetProxy = FDE033292F3D7238006B5FF1 /* PBXContainerItemProxy */;
		};
		FDE033342F3D7238006B5FF1 /* PBXTargetDependency */ = {
			isa = PBXTargetDependency;
			target = FDE033182F3D7236006B5FF1 /* Tenrec Terminal */;
			targetProxy = FDE033332F3D7238006B5FF1 /* PBXContainerItemProxy */;
		};
/* End PBXTargetDependency section */

/* Begin XCBuildConfiguration section */
		FDE0333A2F3D7238006B5FF1 /* Debug */ = {
			isa = XCBuildConfiguration;
			buildSettings = {
				ALWAYS_SEARCH_USER_PATHS = NO;
				ASSETCATALOG_COMPILER_GENERATE_SWIFT_ASSET_SYMBOL_EXTENSIONS = YES;
				CLANG_ANALYZER_NONNULL = YES;
				CLANG_ANALYZER_NUMBER_OBJECT_CONVERSION = YES_AGGRESSIVE;
				CLANG_CXX_LANGUAGE_STANDARD = "gnu++20";
				CLANG_ENABLE_MODULES = YES;
				CLANG_ENABLE_OBJC_ARC = YES;
				CLANG_ENABLE_OBJC_WEAK = YES;
				CLANG_WARN_BLOCK_CAPTURE_AUTORELEASING = YES;
				CLANG_WARN_BOOL_CONVERSION = YES;
				CLANG_WARN_COMMA = YES;
				CLANG_WARN_CONSTANT_CONVERSION = YES;
				CLANG_WARN_DEPRECATED_OBJC_IMPLEMENTATIONS = YES;
				CLANG_WARN_DIRECT_OBJC_ISA_USAGE = YES_ERROR;
				CLANG_WARN_DOCUMENTATION_COMMENTS = YES;
				CLANG_WARN_EMPTY_BODY = YES;
				CLANG_WARN_ENUM_CONVERSION = YES;
				CLANG_WARN_INFINITE_RECURSION = YES;
				CLANG_WARN_INT_CONVERSION = YES;
				CLANG_WARN_NON_LITERAL_NULL_CONVERSION = YES;
				CLANG_WARN_OBJC_IMPLICIT_RETAIN_SELF = YES;
				CLANG_WARN_OBJC_LITERAL_CONVERSION = YES;
				CLANG_WARN_OBJC_ROOT_CLASS = YES_ERROR;
				CLANG_WARN_QUOTED_INCLUDE_IN_FRAMEWORK_HEADER = YES;
				CLANG_WARN_RANGE_LOOP_ANALYSIS = YES;
				CLANG_WARN_STRICT_PROTOTYPES = YES;
				CLANG_WARN_SUSPICIOUS_MOVE = YES;
				CLANG_WARN_UNGUARDED_AVAILABILITY = YES_AGGRESSIVE;
				CLANG_WARN_UNREACHABLE_CODE = YES;
				CLANG_WARN__DUPLICATE_METHOD_MATCH = YES;
				COPY_PHASE_STRIP = NO;
				DEBUG_INFORMATION_FORMAT = dwarf;
				ENABLE_STRICT_OBJC_MSGSEND = YES;
				ENABLE_TESTABILITY = YES;
				ENABLE_USER_SCRIPT_SANDBOXING = YES;
				GCC_C_LANGUAGE_STANDARD = gnu17;
				GCC_DYNAMIC_NO_PIC = NO;
				GCC_NO_COMMON_BLOCKS = YES;
				GCC_OPTIMIZATION_LEVEL = 0;
				GCC_PREPROCESSOR_DEFINITIONS = (
					"DEBUG=1",
					"$(inherited)",
				);
				GCC_WARN_64_TO_32_BIT_CONVERSION = YES;
				GCC_WARN_ABOUT_RETURN_TYPE = YES_ERROR;
				GCC_WARN_UNDECLARED_SELECTOR = YES;
				GCC_WARN_UNINITIALIZED_AUTOS = YES_AGGRESSIVE;
				GCC_WARN_UNUSED_FUNCTION = YES;
				GCC_WARN_UNUSED_VARIABLE = YES;
				LOCALIZATION_PREFERS_STRING_CATALOGS = YES;
				MACOSX_DEPLOYMENT_TARGET = 26.2;
				MTL_ENABLE_DEBUG_INFO = INCLUDE_SOURCE;
				MTL_FAST_MATH = YES;
				ONLY_ACTIVE_ARCH = YES;
				SDKROOT = macosx;
				SWIFT_ACTIVE_COMPILATION_CONDITIONS = "DEBUG $(inherited)";
				SWIFT_OPTIMIZATION_LEVEL = "-Onone";
			};
			name = Debug;
		};
		FDE0333B2F3D7238006B5FF1 /* Release */ = {
			isa = XCBuildConfiguration;
			buildSettings = {
				ALWAYS_SEARCH_USER_PATHS = NO;
				ASSETCATALOG_COMPILER_GENERATE_SWIFT_ASSET_SYMBOL_EXTENSIONS = YES;
				CLANG_ANALYZER_NONNULL = YES;
				CLANG_ANALYZER_NUMBER_OBJECT_CONVERSION = YES_AGGRESSIVE;
				CLANG_CXX_LANGUAGE_STANDARD = "gnu++20";
				CLANG_ENABLE_MODULES = YES;
				CLANG_ENABLE_OBJC_ARC = YES;
				CLANG_ENABLE_OBJC_WEAK = YES;
				CLANG_WARN_BLOCK_CAPTURE_AUTORELEASING = YES;
				CLANG_WARN_BOOL_CONVERSION = YES;
				CLANG_WARN_COMMA = YES;
				CLANG_WARN_CONSTANT_CONVERSION = YES;
				CLANG_WARN_DEPRECATED_OBJC_IMPLEMENTATIONS = YES;
				CLANG_WARN_DIRECT_OBJC_ISA_USAGE = YES_ERROR;
				CLANG_WARN_DOCUMENTATION_COMMENTS = YES;
				CLANG_WARN_EMPTY_BODY = YES;
				CLANG_WARN_ENUM_CONVERSION = YES;
				CLANG_WARN_INFINITE_RECURSION = YES;
				CLANG_WARN_INT_CONVERSION = YES;
				CLANG_WARN_NON_LITERAL_NULL_CONVERSION = YES;
				CLANG_WARN_OBJC_IMPLICIT_RETAIN_SELF = YES;
				CLANG_WARN_OBJC_LITERAL_CONVERSION = YES;
				CLANG_WARN_OBJC_ROOT_CLASS = YES_ERROR;
				CLANG_WARN_QUOTED_INCLUDE_IN_FRAMEWORK_HEADER = YES;
				CLANG_WARN_RANGE_LOOP_ANALYSIS = YES;
				CLANG_WARN_STRICT_PROTOTYPES = YES;
				CLANG_WARN_SUSPICIOUS_MOVE = YES;
				CLANG_WARN_UNGUARDED_AVAILABILITY = YES_AGGRESSIVE;
				CLANG_WARN_UNREACHABLE_CODE = YES;
				CLANG_WARN__DUPLICATE_METHOD_MATCH = YES;
				COPY_PHASE_STRIP = NO;
				DEBUG_INFORMATION_FORMAT = "dwarf-with-dsym";
				ENABLE_NS_ASSERTIONS = NO;
				ENABLE_STRICT_OBJC_MSGSEND = YES;
				ENABLE_USER_SCRIPT_SANDBOXING = YES;
				GCC_C_LANGUAGE_STANDARD = gnu17;
				GCC_NO_COMMON_BLOCKS = YES;
				GCC_WARN_64_TO_32_BIT_CONVERSION = YES;
				GCC_WARN_ABOUT_RETURN_TYPE = YES_ERROR;
				GCC_WARN_UNDECLARED_SELECTOR = YES;
				GCC_WARN_UNINITIALIZED_AUTOS = YES_AGGRESSIVE;
				GCC_WARN_UNUSED_FUNCTION = YES;
				GCC_WARN_UNUSED_VARIABLE = YES;
				LOCALIZATION_PREFERS_STRING_CATALOGS = YES;
				MACOSX_DEPLOYMENT_TARGET = 26.2;
				MTL_ENABLE_DEBUG_INFO = NO;
				MTL_FAST_MATH = YES;
				SDKROOT = macosx;
				SWIFT_COMPILATION_MODE = wholemodule;
			};
			name = Release;
		};
		FDE0333D2F3D7238006B5FF1 /* Debug */ = {
			isa = XCBuildConfiguration;
			buildSettings = {
				ASSETCATALOG_COMPILER_APPICON_NAME = AppIcon;
				ASSETCATALOG_COMPILER_GLOBAL_ACCENT_COLOR_NAME = AccentColor;
				CODE_SIGN_STYLE = Automatic;
				COMBINE_HIDPI_IMAGES = YES;
				CURRENT_PROJECT_VERSION = 1;
				ENABLE_APP_SANDBOX = NO;
				ENABLE_HARDENED_RUNTIME = YES;
				ENABLE_PREVIEWS = YES;
				GENERATE_INFOPLIST_FILE = YES;
				INFOPLIST_KEY_NSHumanReadableCopyright = "";
				LD_RUNPATH_SEARCH_PATHS = (
					"$(inherited)",
					"@executable_path/../Frameworks",
				);
				MARKETING_VERSION = 1.0;
				PRODUCT_BUNDLE_IDENTIFIER = "com.metamech.Tenrec-Terminal";
				PRODUCT_NAME = "$(TARGET_NAME)";
				REGISTER_APP_GROUPS = YES;
				STRING_CATALOG_GENERATE_SYMBOLS = YES;
				SWIFT_APPROACHABLE_CONCURRENCY = YES;
				SWIFT_DEFAULT_ACTOR_ISOLATION = MainActor;
				SWIFT_EMIT_LOC_STRINGS = YES;
				SWIFT_UPCOMING_FEATURE_MEMBER_IMPORT_VISIBILITY = YES;
				SWIFT_VERSION = 5.0;
			};
			name = Debug;
		};
		FDE0333E2F3D7238006B5FF1 /* Release */ = {
			isa = XCBuildConfiguration;
			buildSettings = {
				ASSETCATALOG_COMPILER_APPICON_NAME = AppIcon;
				ASSETCATALOG_COMPILER_GLOBAL_ACCENT_COLOR_NAME = AccentColor;
				CODE_SIGN_STYLE = Automatic;
				COMBINE_HIDPI_IMAGES = YES;
				CURRENT_PROJECT_VERSION = 1;
				ENABLE_APP_SANDBOX = NO;
				ENABLE_HARDENED_RUNTIME = YES;
				ENABLE_PREVIEWS = YES;
				GENERATE_INFOPLIST_FILE = YES;
				INFOPLIST_KEY_NSHumanReadableCopyright = "";
				LD_RUNPATH_SEARCH_PATHS = (
					"$(inherited)",
					"@executable_path/../Frameworks",
				);
				MARKETING_VERSION = 1.0;
				PRODUCT_BUNDLE_IDENTIFIER = "com.metamech.Tenrec-Terminal";
				PRODUCT_NAME = "$(TARGET_NAME)";
				REGISTER_APP_GROUPS = YES;
				STRING_CATALOG_GENERATE_SYMBOLS = YES;
				SWIFT_APPROACHABLE_CONCURRENCY = YES;
				SWIFT_DEFAULT_ACTOR_ISOLATION = MainActor;
				SWIFT_EMIT_LOC_STRINGS = YES;
				SWIFT_UPCOMING_FEATURE_MEMBER_IMPORT_VISIBILITY = YES;
				SWIFT_VERSION = 5.0;
			};
			name = Release;
		};
		FDE033402F3D7238006B5FF1 /* Debug */ = {
			isa = XCBuildConfiguration;
			buildSettings = {
				BUNDLE_LOADER = "$(TEST_HOST)";
				CODE_SIGN_STYLE = Automatic;
				CURRENT_PROJECT_VERSION = 1;
				GENERATE_INFOPLIST_FILE = YES;
				MACOSX_DEPLOYMENT_TARGET = 26.2;
				MARKETING_VERSION = 1.0;
				PRODUCT_BUNDLE_IDENTIFIER = "com.metamech.Tenrec-TerminalTests";
				PRODUCT_NAME = "$(TARGET_NAME)";
				STRING_CATALOG_GENERATE_SYMBOLS = NO;
				SWIFT_APPROACHABLE_CONCURRENCY = YES;
				SWIFT_EMIT_LOC_STRINGS = NO;
				SWIFT_UPCOMING_FEATURE_MEMBER_IMPORT_VISIBILITY = YES;
				SWIFT_VERSION = 5.0;
				TEST_HOST = "$(BUILT_PRODUCTS_DIR)/Tenrec Terminal.app/$(BUNDLE_EXECUTABLE_FOLDER_PATH)/Tenrec Terminal";
			};
			name = Debug;
		};
		FDE033412F3D7238006B5FF1 /* Release */ = {
			isa = XCBuildConfiguration;
			buildSettings = {
				BUNDLE_LOADER = "$(TEST_HOST)";
				CODE_SIGN_STYLE = Automatic;
				CURRENT_PROJECT_VERSION = 1;
				GENERATE_INFOPLIST_FILE = YES;
				MACOSX_DEPLOYMENT_TARGET = 26.2;
				MARKETING_VERSION = 1.0;
				PRODUCT_BUNDLE_IDENTIFIER = "com.metamech.Tenrec-TerminalTests";
				PRODUCT_NAME = "$(TARGET_NAME)";
				STRING_CATALOG_GENERATE_SYMBOLS = NO;
				SWIFT_APPROACHABLE_CONCURRENCY = YES;
				SWIFT_EMIT_LOC_STRINGS = NO;
				SWIFT_UPCOMING_FEATURE_MEMBER_IMPORT_VISIBILITY = YES;
				SWIFT_VERSION = 5.0;
				TEST_HOST = "$(BUILT_PRODUCTS_DIR)/Tenrec Terminal.app/$(BUNDLE_EXECUTABLE_FOLDER_PATH)/Tenrec Terminal";
			};
			name = Release;
		};
		FDE033432F3D7238006B5FF1 /* Debug */ = {
			isa = XCBuildConfiguration;
			buildSettings = {
				CODE_SIGN_STYLE = Automatic;
				CURRENT_PROJECT_VERSION = 1;
				GENERATE_INFOPLIST_FILE = YES;
				MARKETING_VERSION = 1.0;
				PRODUCT_BUNDLE_IDENTIFIER = "com.metamech.Tenrec-TerminalUITests";
				PRODUCT_NAME = "$(TARGET_NAME)";
				STRING_CATALOG_GENERATE_SYMBOLS = NO;
				SWIFT_APPROACHABLE_CONCURRENCY = YES;
				SWIFT_EMIT_LOC_STRINGS = NO;
				SWIFT_UPCOMING_FEATURE_MEMBER_IMPORT_VISIBILITY = YES;
				SWIFT_VERSION = 5.0;
				TEST_TARGET_NAME = "Tenrec Terminal";
			};
			name = Debug;
		};
		FDE033442F3D7238006B5FF1 /* Release */ = {
			isa = XCBuildConfiguration;
			buildSettings = {
				CODE_SIGN_STYLE = Automatic;
				CURRENT_PROJECT_VERSION = 1;
				GENERATE_INFOPLIST_FILE = YES;
				MARKETING_VERSION = 1.0;
				PRODUCT_BUNDLE_IDENTIFIER = "com.metamech.Tenrec-TerminalUITests";
				PRODUCT_NAME = "$(TARGET_NAME)";
				STRING_CATALOG_GENERATE_SYMBOLS = NO;
				SWIFT_APPROACHABLE_CONCURRENCY = YES;
				SWIFT_EMIT_LOC_STRINGS = NO;
				SWIFT_UPCOMING_FEATURE_MEMBER_IMPORT_VISIBILITY = YES;
				SWIFT_VERSION = 5.0;
				TEST_TARGET_NAME = "Tenrec Terminal";
			};
			name = Release;
		};
/* End XCBuildConfiguration section */

/* Begin XCConfigurationList section */
		FDE033142F3D7236006B5FF1 /* Build configuration list for PBXProject "Tenrec Terminal" */ = {
			isa = XCConfigurationList;
			buildConfigurations = (
				FDE0333A2F3D7238006B5FF1 /* Debug */,
				FDE0333B2F3D7238006B5FF1 /* Release */,
			);
			defaultConfigurationIsVisible = 0;
			defaultConfigurationName = Release;
		};
		FDE0333C2F3D7238006B5FF1 /* Build configuration list for PBXNativeTarget "Tenrec Terminal" */ = {
			isa = XCConfigurationList;
			buildConfigurations = (
				FDE0333D2F3D7238006B5FF1 /* Debug */,
				FDE0333E2F3D7238006B5FF1 /* Release */,
			);
			defaultConfigurationIsVisible = 0;
			defaultConfigurationName = Release;
		};
		FDE0333F2F3D7238006B5FF1 /* Build configuration list for PBXNativeTarget "Tenrec TerminalTests" */ = {
			isa = XCConfigurationList;
			buildConfigurations = (
				FDE033402F3D7238006B5FF1 /* Debug */,
				FDE033412F3D7238006B5FF1 /* Release */,
			);
			defaultConfigurationIsVisible = 0;
			defaultConfigurationName = Release;
		};
		FDE033422F3D7238006B5FF1 /* Build configuration list for PBXNativeTarget "Tenrec TerminalUITests" */ = {
			isa = XCConfigurationList;
			buildConfigurations = (
				FDE033432F3D7238006B5FF1 /* Debug */,
				FDE033442F3D7238006B5FF1 /* Release */,
			);
			defaultConfigurationIsVisible = 0;
			defaultConfigurationName = Release;
		};
/* End XCConfigurationList section */

/* Begin XCRemoteSwiftPackageReference section */
		7AD001C2BE2CB3C643470D0F /* XCRemoteSwiftPackageReference "SwiftTerm" */ = {
			isa = XCRemoteSwiftPackageReference;
			repositoryURL = "https://github.com/migueldeicaza/SwiftTerm.git";
			requirement = {
				kind = upToNextMajorVersion;
				minimumVersion = 1.10.1;
			};
		};
/* End XCRemoteSwiftPackageReference section */

/* Begin XCSwiftPackageProductDependency section */
		5330C544B76CFDEAD50B129A /* SwiftTerm */ = {
			isa = XCSwiftPackageProductDependency;
			package = 7AD001C2BE2CB3C643470D0F /* XCRemoteSwiftPackageReference "SwiftTerm" */;
			productName = SwiftTerm;
		};
/* End XCSwiftPackageProductDependency section */
	};
	rootObject = FDE033112F3D7236006B5FF1 /* Project object */;
}
